
Microsoft Visual Studio Solution File, Format Version 12.00
# Visual Studio Version 17
VisualStudioVersion = 17.0.31919.166
MinimumVisualStudioVersion = 10.0.40219.1
Project("{FAE04EC0-301F-11D3-BF4B-00C04F79EFBC}") = "payroll-software-learn-cs-in-one-day-book-project", "payroll-software-learn-cs-in-one-day-book-project.csproj", "{8F6A2D27-8EEA-4DF9-8F44-FFC1349D6BBD}"
EndProject
Global
	GlobalSection(SolutionConfigurationPlatforms) = preSolution
		Debug|Any CPU = Debug|Any CPU
		Release|Any CPU = Release|Any CPU
	EndGlobalSection
	GlobalSection(ProjectConfigurationPlatforms) = postSolution
		{8F6A2D27-8EEA-4DF9-8F44-FFC1349D6BBD}.Debug|Any CPU.ActiveCfg = Debug|Any CPU
		{8F6A2D27-8EEA-4DF9-8F44-FFC1349D6BBD}.Debug|Any CPU.Build.0 = Debug|Any CPU
		{8F6A2D27-8EEA-4DF9-8F44-FFC1349D6BBD}.Release|Any CPU.ActiveCfg = Release|Any CPU
		{8F6A2D27-8EEA-4DF9-8F44-FFC1349D6BBD}.Release|Any CPU.Build.0 = Release|Any CPU
	EndGlobalSection
	GlobalSection(SolutionProperties) = preSolution
		HideSolutionNode = FALSE
	EndGlobalSection
	GlobalSection(ExtensibilityGlobals) = postSolution
		SolutionGuid = {77420B76-5CE0-412D-A82D-2523FB37B26A}
	EndGlobalSection
EndGlobal
